
Microsoft Visual Studio Solution File, Format Version 12.00
# Visual Studio Version 17
VisualStudioVersion = 17.5.002.0
MinimumVisualStudioVersion = 10.0.40219.1
Project("{9A19103F-16F7-4668-BE54-9A1E7A4F7556}") = "ArrayList", "ArrayList.csproj", "{49CDDA8E-DBDA-4A6F-B2A5-D8AACC78E130}"
EndProject
Global
	GlobalSection(SolutionConfigurationPlatforms) = preSolution
		Debug|Any CPU = Debug|Any CPU
		Release|Any CPU = Release|Any CPU
	EndGlobalSection
	GlobalSection(ProjectConfigurationPlatforms) = postSolution
		{49CDDA8E-DBDA-4A6F-B2A5-D8AACC78E130}.Debug|Any CPU.ActiveCfg = Debug|Any CPU
		{49CDDA8E-DBDA-4A6F-B2A5-D8AACC78E130}.Debug|Any CPU.Build.0 = Debug|Any CPU
		{49CDDA8E-DBDA-4A6F-B2A5-D8AACC78E130}.Release|Any CPU.ActiveCfg = Release|Any CPU
		{49CDDA8E-DBDA-4A6F-B2A5-D8AACC78E130}.Release|Any CPU.Build.0 = Release|Any CPU
	EndGlobalSection
	GlobalSection(SolutionProperties) = preSolution
		HideSolutionNode = FALSE
	EndGlobalSection
	GlobalSection(ExtensibilityGlobals) = postSolution
		SolutionGuid = {A07E5857-D31A-4F4B-8989-493CD1062F0F}
	EndGlobalSection
EndGlobal
